
Microsoft Visual Studio Solution File, Format Version 12.00
# Visual Studio Version 17
VisualStudioVersion = 17.4.33122.133
MinimumVisualStudioVersion = 10.0.40219.1
Project("{FAE04EC0-301F-11D3-BF4B-00C04F79EFBC}") = "lab8", "lab8\lab8.csproj", "{ED84D68A-B380-41A9-8639-7F5610C5C464}"
EndProject
Global
	GlobalSection(SolutionConfigurationPlatforms) = preSolution
		Debug|Any CPU = Debug|Any CPU
		Release|Any CPU = Release|Any CPU
	EndGlobalSection
	GlobalSection(ProjectConfigurationPlatforms) = postSolution
		{ED84D68A-B380-41A9-8639-7F5610C5C464}.Debug|Any CPU.ActiveCfg = Debug|Any CPU
		{ED84D68A-B380-41A9-8639-7F5610C5C464}.Debug|Any CPU.Build.0 = Debug|Any CPU
		{ED84D68A-B380-41A9-8639-7F5610C5C464}.Release|Any CPU.ActiveCfg = Release|Any CPU
		{ED84D68A-B380-41A9-8639-7F5610C5C464}.Release|Any CPU.Build.0 = Release|Any CPU
	EndGlobalSection
	GlobalSection(SolutionProperties) = preSolution
		HideSolutionNode = FALSE
	EndGlobalSection
	GlobalSection(ExtensibilityGlobals) = postSolution
		SolutionGuid = {14C66C75-1191-48D2-9C68-B577E99C5A05}
	EndGlobalSection
EndGlobal
